// !$*UTF8*$!
{
	archiveVersion = 1;
	classes = {
	};
	objectVersion = 51;
	objects = {

/* Begin PBXBuildFile section */
		7CFC3C881D600391A1C093FA /* Pods_RssReaderForiOS.framework in Frameworks */ = {isa = PBXBuildFile; fileRef = B8BA072C328A6064B50C43CD /* Pods_RssReaderForiOS.framework */; };
		9C09CF0324FB8AD0007E2EB9 /* ArticleViewModel.swift in Sources */ = {isa = PBXBuildFile; fileRef = 9C09CF0224FB8AD0007E2EB9 /* ArticleViewModel.swift */; };
		9C09CF0624FB92BD007E2EB9 /* Common.swift in Sources */ = {isa = PBXBuildFile; fileRef = 9C09CF0524FB92BD007E2EB9 /* Common.swift */; };
		9C31BF4A25EC6B6F00C7F1BE /* Transitioner.swift in Sources */ = {isa = PBXBuildFile; fileRef = 9C31BF4925EC6B6F00C7F1BE /* Transitioner.swift */; };
		9C31BF4E25EC71EA00C7F1BE /* ArticleRouter.swift in Sources */ = {isa = PBXBuildFile; fileRef = 9C31BF4D25EC71EA00C7F1BE /* ArticleRouter.swift */; };
		9C31BF5225EC7BA200C7F1BE /* ArticlePresenter.swift in Sources */ = {isa = PBXBuildFile; fileRef = 9C31BF5125EC7BA200C7F1BE /* ArticlePresenter.swift */; };
		9C3C2AA724F78A8B0083869C /* Article.swift in Sources */ = {isa = PBXBuildFile; fileRef = 9C3C2AA624F78A8B0083869C /* Article.swift */; };
		9C3C2AAA24F791960083869C /* ArticlesRepository.swift in Sources */ = {isa = PBXBuildFile; fileRef = 9C3C2AA924F791960083869C /* ArticlesRepository.swift */; };
		9C7EA46024D937600009197F /* AppDelegate.swift in Sources */ = {isa = PBXBuildFile; fileRef = 9C7EA45F24D937600009197F /* AppDelegate.swift */; };
		9C7EA46424D937600009197F /* ArticleViewController.swift in Sources */ = {isa = PBXBuildFile; fileRef = 9C7EA46324D937600009197F /* ArticleViewController.swift */; };
		9C7EA46724D937600009197F /* ArticleViewController.storyboard in Resources */ = {isa = PBXBuildFile; fileRef = 9C7EA46524D937600009197F /* ArticleViewController.storyboard */; };
		9C7EA46924D937640009197F /* Assets.xcassets in Resources */ = {isa = PBXBuildFile; fileRef = 9C7EA46824D937640009197F /* Assets.xcassets */; };
		9C7EA46C24D937640009197F /* LaunchScreen.storyboard in Resources */ = {isa = PBXBuildFile; fileRef = 9C7EA46A24D937640009197F /* LaunchScreen.storyboard */; };
		9C7EA47824D93D750009197F /* ArticleCell.swift in Sources */ = {isa = PBXBuildFile; fileRef = 9C7EA47624D93D750009197F /* ArticleCell.swift */; };
		9C7EA47B24D945510009197F /* ArticleDetailViewController.swift in Sources */ = {isa = PBXBuildFile; fileRef = 9C7EA47A24D945510009197F /* ArticleDetailViewController.swift */; };
		9C7EA47D24D9456B0009197F /* ArticleDetailViewController.storyboard in Resources */ = {isa = PBXBuildFile; fileRef = 9C7EA47C24D9456B0009197F /* ArticleDetailViewController.storyboard */; };
		9C9B0A2325CCFA2600DE74B1 /* RssConvertedJsonAPIRequest.swift in Sources */ = {isa = PBXBuildFile; fileRef = 9C9B0A2225CCFA2600DE74B1 /* RssConvertedJsonAPIRequest.swift */; };
		9C9B0A2825CD02A100DE74B1 /* JsonArticleRequest.swift in Sources */ = {isa = PBXBuildFile; fileRef = 9C9B0A2725CD02A100DE74B1 /* JsonArticleRequest.swift */; };
		9CA6F2CB253FEF800043F9E9 /* ArticleBaseView.swift in Sources */ = {isa = PBXBuildFile; fileRef = 9CA6F2CA253FEF800043F9E9 /* ArticleBaseView.swift */; };
/* End PBXBuildFile section */

/* Begin PBXFileReference section */
		816431B5A04C14F63818C2F2 /* Pods-RssReaderForiOS.debug.xcconfig */ = {isa = PBXFileReference; includeInIndex = 1; lastKnownFileType = text.xcconfig; name = "Pods-RssReaderForiOS.debug.xcconfig"; path = "Target Support Files/Pods-RssReaderForiOS/Pods-RssReaderForiOS.debug.xcconfig"; sourceTree = "<group>"; };
		87A0D81EBB20883FBCBDBDD9 /* Pods-RssReaderForiOS.release.xcconfig */ = {isa = PBXFileReference; includeInIndex = 1; lastKnownFileType = text.xcconfig; name = "Pods-RssReaderForiOS.release.xcconfig"; path = "Target Support Files/Pods-RssReaderForiOS/Pods-RssReaderForiOS.release.xcconfig"; sourceTree = "<group>"; };
		9C09CF0224FB8AD0007E2EB9 /* ArticleViewModel.swift */ = {isa = PBXFileReference; lastKnownFileType = sourcecode.swift; path = ArticleViewModel.swift; sourceTree = "<group>"; };
		9C09CF0524FB92BD007E2EB9 /* Common.swift */ = {isa = PBXFileReference; lastKnownFileType = sourcecode.swift; path = Common.swift; sourceTree = "<group>"; };
		9C31BF4925EC6B6F00C7F1BE /* Transitioner.swift */ = {isa = PBXFileReference; lastKnownFileType = sourcecode.swift; path = Transitioner.swift; sourceTree = "<group>"; };
		9C31BF4D25EC71EA00C7F1BE /* ArticleRouter.swift */ = {isa = PBXFileReference; lastKnownFileType = sourcecode.swift; path = ArticleRouter.swift; sourceTree = "<group>"; };
		9C31BF5125EC7BA200C7F1BE /* ArticlePresenter.swift */ = {isa = PBXFileReference; lastKnownFileType = sourcecode.swift; path = ArticlePresenter.swift; sourceTree = "<group>"; };
		9C3C2AA624F78A8B0083869C /* Article.swift */ = {isa = PBXFileReference; lastKnownFileType = sourcecode.swift; path = Article.swift; sourceTree = "<group>"; };
		9C3C2AA924F791960083869C /* ArticlesRepository.swift */ = {isa = PBXFileReference; lastKnownFileType = sourcecode.swift; path = ArticlesRepository.swift; sourceTree = "<group>"; };
		9C7EA45C24D937600009197F /* RssReaderForiOS.app */ = {isa = PBXFileReference; explicitFileType = wrapper.application; includeInIndex = 0; path = RssReaderForiOS.app; sourceTree = BUILT_PRODUCTS_DIR; };
		9C7EA45F24D937600009197F /* AppDelegate.swift */ = {isa = PBXFileReference; lastKnownFileType = sourcecode.swift; path = AppDelegate.swift; sourceTree = "<group>"; };
		9C7EA46324D937600009197F /* ArticleViewController.swift */ = {isa = PBXFileReference; lastKnownFileType = sourcecode.swift; path = ArticleViewController.swift; sourceTree = "<group>"; };
		9C7EA46624D937600009197F /* Base */ = {isa = PBXFileReference; lastKnownFileType = file.storyboard; name = Base; path = Base.lproj/ArticleViewController.storyboard; sourceTree = "<group>"; };
		9C7EA46824D937640009197F /* Assets.xcassets */ = {isa = PBXFileReference; lastKnownFileType = folder.assetcatalog; path = Assets.xcassets; sourceTree = "<group>"; };
		9C7EA46B24D937640009197F /* Base */ = {isa = PBXFileReference; lastKnownFileType = file.storyboard; name = Base; path = Base.lproj/LaunchScreen.storyboard; sourceTree = "<group>"; };
		9C7EA46D24D937640009197F /* Info.plist */ = {isa = PBXFileReference; lastKnownFileType = text.plist.xml; path = Info.plist; sourceTree = "<group>"; };
		9C7EA47624D93D750009197F /* ArticleCell.swift */ = {isa = PBXFileReference; lastKnownFileType = sourcecode.swift; path = ArticleCell.swift; sourceTree = "<group>"; };
		9C7EA47A24D945510009197F /* ArticleDetailViewController.swift */ = {isa = PBXFileReference; lastKnownFileType = sourcecode.swift; path = ArticleDetailViewController.swift; sourceTree = "<group>"; };
		9C7EA47C24D9456B0009197F /* ArticleDetailViewController.storyboard */ = {isa = PBXFileReference; lastKnownFileType = file.storyboard; path = ArticleDetailViewController.storyboard; sourceTree = "<group>"; };
		9C9B0A2225CCFA2600DE74B1 /* RssConvertedJsonAPIRequest.swift */ = {isa = PBXFileReference; lastKnownFileType = sourcecode.swift; path = RssConvertedJsonAPIRequest.swift; sourceTree = "<group>"; };
		9C9B0A2725CD02A100DE74B1 /* JsonArticleRequest.swift */ = {isa = PBXFileReference; lastKnownFileType = sourcecode.swift; path = JsonArticleRequest.swift; sourceTree = "<group>"; };
		9CA6F2CA253FEF800043F9E9 /* ArticleBaseView.swift */ = {isa = PBXFileReference; lastKnownFileType = sourcecode.swift; path = ArticleBaseView.swift; sourceTree = "<group>"; };
		B8BA072C328A6064B50C43CD /* Pods_RssReaderForiOS.framework */ = {isa = PBXFileReference; explicitFileType = wrapper.framework; includeInIndex = 0; path = Pods_RssReaderForiOS.framework; sourceTree = BUILT_PRODUCTS_DIR; };
/* End PBXFileReference section */

/* Begin PBXFrameworksBuildPhase section */
		9C7EA45924D937600009197F /* Frameworks */ = {
			isa = PBXFrameworksBuildPhase;
			buildActionMask = 2147483647;
			files = (
				7CFC3C881D600391A1C093FA /* Pods_RssReaderForiOS.framework in Frameworks */,
			);
			runOnlyForDeploymentPostprocessing = 0;
		};
/* End PBXFrameworksBuildPhase section */

/* Begin PBXGroup section */
		9C09CF0424FB8D37007E2EB9 /* Static */ = {
			isa = PBXGroup;
			children = (
				9C09CF0524FB92BD007E2EB9 /* Common.swift */,
			);
			path = Static;
			sourceTree = "<group>";
		};
		9C31BF4625EC682300C7F1BE /* Router */ = {
			isa = PBXGroup;
			children = (
				9C31BF4D25EC71EA00C7F1BE /* ArticleRouter.swift */,
			);
			path = Router;
			sourceTree = "<group>";
		};
		9C31BF4725EC6ADB00C7F1BE /* Presenter */ = {
			isa = PBXGroup;
			children = (
				9C31BF5125EC7BA200C7F1BE /* ArticlePresenter.swift */,
			);
			path = Presenter;
			sourceTree = "<group>";
		};
		9C31BF4825EC6AF700C7F1BE /* ViewTransition */ = {
			isa = PBXGroup;
			children = (
				9C31BF4625EC682300C7F1BE /* Router */,
				9C31BF4725EC6ADB00C7F1BE /* Presenter */,
				9C31BF4925EC6B6F00C7F1BE /* Transitioner.swift */,
			);
			path = ViewTransition;
			sourceTree = "<group>";
		};
		9C3C2AA524F782650083869C /* Entity */ = {
			isa = PBXGroup;
			children = (
				9C9B0A2025CCF85C00DE74B1 /* Response */,
				9C9B0A1F25CCF85400DE74B1 /* Request */,
			);
			path = Entity;
			sourceTree = "<group>";
		};
		9C3C2AA824F791740083869C /* Repository */ = {
			isa = PBXGroup;
			children = (
				9C3C2AA924F791960083869C /* ArticlesRepository.swift */,
			);
			path = Repository;
			sourceTree = "<group>";
		};
		9C7EA45324D937600009197F = {
			isa = PBXGroup;
			children = (
				9C7EA45E24D937600009197F /* RssReaderForiOS */,
				9C7EA45D24D937600009197F /* Products */,
				CB36A2F080A953966F660DF3 /* Pods */,
				C9E285AFB7F37AF409C887BD /* Frameworks */,
			);
			sourceTree = "<group>";
		};
		9C7EA45D24D937600009197F /* Products */ = {
			isa = PBXGroup;
			children = (
				9C7EA45C24D937600009197F /* RssReaderForiOS.app */,
			);
			name = Products;
			sourceTree = "<group>";
		};
		9C7EA45E24D937600009197F /* RssReaderForiOS */ = {
			isa = PBXGroup;
			children = (
				9C31BF4825EC6AF700C7F1BE /* ViewTransition */,
				9C09CF0424FB8D37007E2EB9 /* Static */,
				9C885BBE24F8EFB500886057 /* ViewModel */,
				9C885BBD24F8EEC800886057 /* View */,
				9C3C2AA824F791740083869C /* Repository */,
				9C3C2AA524F782650083869C /* Entity */,
				9C7EA47424D93A360009197F /* Storyboard */,
				9C7EA47324D93A2B0009197F /* ViewController */,
				9C7EA45F24D937600009197F /* AppDelegate.swift */,
				9C7EA46824D937640009197F /* Assets.xcassets */,
				9C7EA46A24D937640009197F /* LaunchScreen.storyboard */,
				9C7EA46D24D937640009197F /* Info.plist */,
			);
			path = RssReaderForiOS;
			sourceTree = "<group>";
		};
		9C7EA47324D93A2B0009197F /* ViewController */ = {
			isa = PBXGroup;
			children = (
				9C7EA46324D937600009197F /* ArticleViewController.swift */,
				9C7EA47A24D945510009197F /* ArticleDetailViewController.swift */,
			);
			path = ViewController;
			sourceTree = "<group>";
		};
		9C7EA47424D93A360009197F /* Storyboard */ = {
			isa = PBXGroup;
			children = (
				9C7EA46524D937600009197F /* ArticleViewController.storyboard */,
				9C7EA47C24D9456B0009197F /* ArticleDetailViewController.storyboard */,
			);
			path = Storyboard;
			sourceTree = "<group>";
		};
		9C7EA47524D93D270009197F /* TableViewCell */ = {
			isa = PBXGroup;
			children = (
				9C7EA47624D93D750009197F /* ArticleCell.swift */,
			);
			path = TableViewCell;
			sourceTree = "<group>";
		};
		9C885BBD24F8EEC800886057 /* View */ = {
			isa = PBXGroup;
			children = (
				9CB7D6012540505100D57801 /* BaseView */,
				9C7EA47524D93D270009197F /* TableViewCell */,
			);
			path = View;
			sourceTree = "<group>";
		};
		9C885BBE24F8EFB500886057 /* ViewModel */ = {
			isa = PBXGroup;
			children = (
				9C09CF0224FB8AD0007E2EB9 /* ArticleViewModel.swift */,
			);
			path = ViewModel;
			sourceTree = "<group>";
		};
		9C9B0A1F25CCF85400DE74B1 /* Request */ = {
			isa = PBXGroup;
			children = (
				9C9B0A2225CCFA2600DE74B1 /* RssConvertedJsonAPIRequest.swift */,
				9C9B0A2725CD02A100DE74B1 /* JsonArticleRequest.swift */,
			);
			path = Request;
			sourceTree = "<group>";
		};
		9C9B0A2025CCF85C00DE74B1 /* Response */ = {
			isa = PBXGroup;
			children = (
				9C3C2AA624F78A8B0083869C /* Article.swift */,
			);
			path = Response;
			sourceTree = "<group>";
		};
		9CB7D6012540505100D57801 /* BaseView */ = {
			isa = PBXGroup;
			children = (
				9CA6F2CA253FEF800043F9E9 /* ArticleBaseView.swift */,
			);
			path = BaseView;
			sourceTree = "<group>";
		};
		C9E285AFB7F37AF409C887BD /* Frameworks */ = {
			isa = PBXGroup;
			children = (
				B8BA072C328A6064B50C43CD /* Pods_RssReaderForiOS.framework */,
			);
			name = Frameworks;
			sourceTree = "<group>";
		};
		CB36A2F080A953966F660DF3 /* Pods */ = {
			isa = PBXGroup;
			children = (
				816431B5A04C14F63818C2F2 /* Pods-RssReaderForiOS.debug.xcconfig */,
				87A0D81EBB20883FBCBDBDD9 /* Pods-RssReaderForiOS.release.xcconfig */,
			);
			path = Pods;
			sourceTree = "<group>";
		};
/* End PBXGroup section */

/* Begin PBXNativeTarget section */
		9C7EA45B24D937600009197F /* RssReaderForiOS */ = {
			isa = PBXNativeTarget;
			buildConfigurationList = 9C7EA47024D937640009197F /* Build configuration list for PBXNativeTarget "RssReaderForiOS" */;
			buildPhases = (
				036A54597F95211972F0D19C /* [CP] Check Pods Manifest.lock */,
				9C7EA45824D937600009197F /* Sources */,
				9C7EA45924D937600009197F /* Frameworks */,
				9C7EA45A24D937600009197F /* Resources */,
				17D60F847A717076D7CD1042 /* [CP] Embed Pods Frameworks */,
			);
			buildRules = (
			);
			dependencies = (
			);
			name = RssReaderForiOS;
			productName = RssReaderForiOS;
			productReference = 9C7EA45C24D937600009197F /* RssReaderForiOS.app */;
			productType = "com.apple.product-type.application";
		};
/* End PBXNativeTarget section */

/* Begin PBXProject section */
		9C7EA45424D937600009197F /* Project object */ = {
			isa = PBXProject;
			attributes = {
				LastSwiftUpdateCheck = 1160;
				LastUpgradeCheck = 1160;
				ORGANIZATIONNAME = shusuke;
				TargetAttributes = {
					9C7EA45B24D937600009197F = {
						CreatedOnToolsVersion = 11.6;
					};
				};
			};
			buildConfigurationList = 9C7EA45724D937600009197F /* Build configuration list for PBXProject "RssReaderForiOS" */;
			compatibilityVersion = "Xcode 9.3";
			developmentRegion = en;
			hasScannedForEncodings = 0;
			knownRegions = (
				en,
				Base,
			);
			mainGroup = 9C7EA45324D937600009197F;
			productRefGroup = 9C7EA45D24D937600009197F /* Products */;
			projectDirPath = "";
			projectRoot = "";
			targets = (
				9C7EA45B24D937600009197F /* RssReaderForiOS */,
			);
		};
/* End PBXProject section */

/* Begin PBXResourcesBuildPhase section */
		9C7EA45A24D937600009197F /* Resources */ = {
			isa = PBXResourcesBuildPhase;
			buildActionMask = 2147483647;
			files = (
				9C7EA46C24D937640009197F /* LaunchScreen.storyboard in Resources */,
				9C7EA47D24D9456B0009197F /* ArticleDetailViewController.storyboard in Resources */,
				9C7EA46924D937640009197F /* Assets.xcassets in Resources */,
				9C7EA46724D937600009197F /* ArticleViewController.storyboard in Resources */,
			);
			runOnlyForDeploymentPostprocessing = 0;
		};
/* End PBXResourcesBuildPhase section */

/* Begin PBXShellScriptBuildPhase section */
		036A54597F95211972F0D19C /* [CP] Check Pods Manifest.lock */ = {
			isa = PBXShellScriptBuildPhase;
			buildActionMask = 2147483647;
			files = (
			);
			inputFileListPaths = (
			);
			inputPaths = (
				"${PODS_PODFILE_DIR_PATH}/Podfile.lock",
				"${PODS_ROOT}/Manifest.lock",
			);
			name = "[CP] Check Pods Manifest.lock";
			outputFileListPaths = (
			);
			outputPaths = (
				"$(DERIVED_FILE_DIR)/Pods-RssReaderForiOS-checkManifestLockResult.txt",
			);
			runOnlyForDeploymentPostprocessing = 0;
			shellPath = /bin/sh;
			shellScript = "diff \"${PODS_PODFILE_DIR_PATH}/Podfile.lock\" \"${PODS_ROOT}/Manifest.lock\" > /dev/null\nif [ $? != 0 ] ; then\n    # print error to STDERR\n    echo \"error: The sandbox is not in sync with the Podfile.lock. Run 'pod install' or update your CocoaPods installation.\" >&2\n    exit 1\nfi\n# This output is used by Xcode 'outputs' to avoid re-running this script phase.\necho \"SUCCESS\" > \"${SCRIPT_OUTPUT_FILE_0}\"\n";
			showEnvVarsInLog = 0;
		};
		17D60F847A717076D7CD1042 /* [CP] Embed Pods Frameworks */ = {
			isa = PBXShellScriptBuildPhase;
			buildActionMask = 2147483647;
			files = (
			);
			inputFileListPaths = (
				"${PODS_ROOT}/Target Support Files/Pods-RssReaderForiOS/Pods-RssReaderForiOS-frameworks-${CONFIGURATION}-input-files.xcfilelist",
			);
			name = "[CP] Embed Pods Frameworks";
			outputFileListPaths = (
				"${PODS_ROOT}/Target Support Files/Pods-RssReaderForiOS/Pods-RssReaderForiOS-frameworks-${CONFIGURATION}-output-files.xcfilelist",
			);
			runOnlyForDeploymentPostprocessing = 0;
			shellPath = /bin/sh;
			shellScript = "\"${PODS_ROOT}/Target Support Files/Pods-RssReaderForiOS/Pods-RssReaderForiOS-frameworks.sh\"\n";
			showEnvVarsInLog = 0;
		};
/* End PBXShellScriptBuildPhase section */

/* Begin PBXSourcesBuildPhase section */
		9C7EA45824D937600009197F /* Sources */ = {
			isa = PBXSourcesBuildPhase;
			buildActionMask = 2147483647;
			files = (
				9C3C2AAA24F791960083869C /* ArticlesRepository.swift in Sources */,
				9C31BF4E25EC71EA00C7F1BE /* ArticleRouter.swift in Sources */,
				9CA6F2CB253FEF800043F9E9 /* ArticleBaseView.swift in Sources */,
				9C7EA46424D937600009197F /* ArticleViewController.swift in Sources */,
				9C3C2AA724F78A8B0083869C /* Article.swift in Sources */,
				9C7EA47824D93D750009197F /* ArticleCell.swift in Sources */,
				9C7EA46024D937600009197F /* AppDelegate.swift in Sources */,
				9C09CF0324FB8AD0007E2EB9 /* ArticleViewModel.swift in Sources */,
				9C31BF4A25EC6B6F00C7F1BE /* Transitioner.swift in Sources */,
				9C09CF0624FB92BD007E2EB9 /* Common.swift in Sources */,
				9C9B0A2325CCFA2600DE74B1 /* RssConvertedJsonAPIRequest.swift in Sources */,
				9C31BF5225EC7BA200C7F1BE /* ArticlePresenter.swift in Sources */,
				9C9B0A2825CD02A100DE74B1 /* JsonArticleRequest.swift in Sources */,
				9C7EA47B24D945510009197F /* ArticleDetailViewController.swift in Sources */,
			);
			runOnlyForDeploymentPostprocessing = 0;
		};
/* End PBXSourcesBuildPhase section */

/* Begin PBXVariantGroup section */
		9C7EA46524D937600009197F /* ArticleViewController.storyboard */ = {
			isa = PBXVariantGroup;
			children = (
				9C7EA46624D937600009197F /* Base */,
			);
			name = ArticleViewController.storyboard;
			sourceTree = "<group>";
		};
		9C7EA46A24D937640009197F /* LaunchScreen.storyboard */ = {
			isa = PBXVariantGroup;
			children = (
				9C7EA46B24D937640009197F /* Base */,
			);
			name = LaunchScreen.storyboard;
			sourceTree = "<group>";
		};
/* End PBXVariantGroup section */

/* Begin XCBuildConfiguration section */
		9C7EA46E24D937640009197F /* Debug */ = {
			isa = XCBuildConfiguration;
			buildSettings = {
				ALWAYS_SEARCH_USER_PATHS = NO;
				CLANG_ANALYZER_NONNULL = YES;
				CLANG_ANALYZER_NUMBER_OBJECT_CONVERSION = YES_AGGRESSIVE;
				CLANG_CXX_LANGUAGE_STANDARD = "gnu++14";
				CLANG_CXX_LIBRARY = "libc++";
				CLANG_ENABLE_MODULES = YES;
				CLANG_ENABLE_OBJC_ARC = YES;
				CLANG_ENABLE_OBJC_WEAK = YES;
				CLANG_WARN_BLOCK_CAPTURE_AUTORELEASING = YES;
				CLANG_WARN_BOOL_CONVERSION = YES;
				CLANG_WARN_COMMA = YES;
				CLANG_WARN_CONSTANT_CONVERSION = YES;
				CLANG_WARN_DEPRECATED_OBJC_IMPLEMENTATIONS = YES;
				CLANG_WARN_DIRECT_OBJC_ISA_USAGE = YES_ERROR;
				CLANG_WARN_DOCUMENTATION_COMMENTS = YES;
				CLANG_WARN_EMPTY_BODY = YES;
				CLANG_WARN_ENUM_CONVERSION = YES;
				CLANG_WARN_INFINITE_RECURSION = YES;
				CLANG_WARN_INT_CONVERSION = YES;
				CLANG_WARN_NON_LITERAL_NULL_CONVERSION = YES;
				CLANG_WARN_OBJC_IMPLICIT_RETAIN_SELF = YES;
				CLANG_WARN_OBJC_LITERAL_CONVERSION = YES;
				CLANG_WARN_OBJC_ROOT_CLASS = YES_ERROR;
				CLANG_WARN_RANGE_LOOP_ANALYSIS = YES;
				CLANG_WARN_STRICT_PROTOTYPES = YES;
				CLANG_WARN_SUSPICIOUS_MOVE = YES;
				CLANG_WARN_UNGUARDED_AVAILABILITY = YES_AGGRESSIVE;
				CLANG_WARN_UNREACHABLE_CODE = YES;
				CLANG_WARN__DUPLICATE_METHOD_MATCH = YES;
				COPY_PHASE_STRIP = NO;
				DEBUG_INFORMATION_FORMAT = dwarf;
				ENABLE_STRICT_OBJC_MSGSEND = YES;
				ENABLE_TESTABILITY = YES;
				GCC_C_LANGUAGE_STANDARD = gnu11;
				GCC_DYNAMIC_NO_PIC = NO;
				GCC_NO_COMMON_BLOCKS = YES;
				GCC_OPTIMIZATION_LEVEL = 0;
				GCC_PREPROCESSOR_DEFINITIONS = (
					"DEBUG=1",
					"$(inherited)",
				);
				GCC_WARN_64_TO_32_BIT_CONVERSION = YES;
				GCC_WARN_ABOUT_RETURN_TYPE = YES_ERROR;
				GCC_WARN_UNDECLARED_SELECTOR = YES;
				GCC_WARN_UNINITIALIZED_AUTOS = YES_AGGRESSIVE;
				GCC_WARN_UNUSED_FUNCTION = YES;
				GCC_WARN_UNUSED_VARIABLE = YES;
				IPHONEOS_DEPLOYMENT_TARGET = 14.0;
				MTL_ENABLE_DEBUG_INFO = INCLUDE_SOURCE;
				MTL_FAST_MATH = YES;
				ONLY_ACTIVE_ARCH = YES;
				SDKROOT = iphoneos;
				SWIFT_ACTIVE_COMPILATION_CONDITIONS = DEBUG;
				SWIFT_OPTIMIZATION_LEVEL = "-Onone";
			};
			name = Debug;
		};
		9C7EA46F24D937640009197F /* Release */ = {
			isa = XCBuildConfiguration;
			buildSettings = {
				ALWAYS_SEARCH_USER_PATHS = NO;
				CLANG_ANALYZER_NONNULL = YES;
				CLANG_ANALYZER_NUMBER_OBJECT_CONVERSION = YES_AGGRESSIVE;
				CLANG_CXX_LANGUAGE_STANDARD = "gnu++14";
				CLANG_CXX_LIBRARY = "libc++";
				CLANG_ENABLE_MODULES = YES;
				CLANG_ENABLE_OBJC_ARC = YES;
				CLANG_ENABLE_OBJC_WEAK = YES;
				CLANG_WARN_BLOCK_CAPTURE_AUTORELEASING = YES;
				CLANG_WARN_BOOL_CONVERSION = YES;
				CLANG_WARN_COMMA = YES;
				CLANG_WARN_CONSTANT_CONVERSION = YES;
				CLANG_WARN_DEPRECATED_OBJC_IMPLEMENTATIONS = YES;
				CLANG_WARN_DIRECT_OBJC_ISA_USAGE = YES_ERROR;
				CLANG_WARN_DOCUMENTATION_COMMENTS = YES;
				CLANG_WARN_EMPTY_BODY = YES;
				CLANG_WARN_ENUM_CONVERSION = YES;
				CLANG_WARN_INFINITE_RECURSION = YES;
				CLANG_WARN_INT_CONVERSION = YES;
				CLANG_WARN_NON_LITERAL_NULL_CONVERSION = YES;
				CLANG_WARN_OBJC_IMPLICIT_RETAIN_SELF = YES;
				CLANG_WARN_OBJC_LITERAL_CONVERSION = YES;
				CLANG_WARN_OBJC_ROOT_CLASS = YES_ERROR;
				CLANG_WARN_RANGE_LOOP_ANALYSIS = YES;
				CLANG_WARN_STRICT_PROTOTYPES = YES;
				CLANG_WARN_SUSPICIOUS_MOVE = YES;
				CLANG_WARN_UNGUARDED_AVAILABILITY = YES_AGGRESSIVE;
				CLANG_WARN_UNREACHABLE_CODE = YES;
				CLANG_WARN__DUPLICATE_METHOD_MATCH = YES;
				COPY_PHASE_STRIP = NO;
				DEBUG_INFORMATION_FORMAT = "dwarf-with-dsym";
				ENABLE_NS_ASSERTIONS = NO;
				ENABLE_STRICT_OBJC_MSGSEND = YES;
				GCC_C_LANGUAGE_STANDARD = gnu11;
				GCC_NO_COMMON_BLOCKS = YES;
				GCC_WARN_64_TO_32_BIT_CONVERSION = YES;
				GCC_WARN_ABOUT_RETURN_TYPE = YES_ERROR;
				GCC_WARN_UNDECLARED_SELECTOR = YES;
				GCC_WARN_UNINITIALIZED_AUTOS = YES_AGGRESSIVE;
				GCC_WARN_UNUSED_FUNCTION = YES;
				GCC_WARN_UNUSED_VARIABLE = YES;
				IPHONEOS_DEPLOYMENT_TARGET = 14.0;
				MTL_ENABLE_DEBUG_INFO = NO;
				MTL_FAST_MATH = YES;
				SDKROOT = iphoneos;
				SWIFT_COMPILATION_MODE = wholemodule;
				SWIFT_OPTIMIZATION_LEVEL = "-O";
				VALIDATE_PRODUCT = YES;
			};
			name = Release;
		};
		9C7EA47124D937640009197F /* Debug */ = {
			isa = XCBuildConfiguration;
			baseConfigurationReference = 816431B5A04C14F63818C2F2 /* Pods-RssReaderForiOS.debug.xcconfig */;
			buildSettings = {
				ASSETCATALOG_COMPILER_APPICON_NAME = AppIcon;
				CODE_SIGN_STYLE = Automatic;
				DEVELOPMENT_TEAM = 2XL9QYTD77;
				INFOPLIST_FILE = RssReaderForiOS/Info.plist;
				LD_RUNPATH_SEARCH_PATHS = (
					"$(inherited)",
					"@executable_path/Frameworks",
				);
				PRODUCT_BUNDLE_IDENTIFIER = jp.shusuke.ota.RssReaderForiOS;
				PRODUCT_NAME = "$(TARGET_NAME)";
				SWIFT_VERSION = 5.0;
				TARGETED_DEVICE_FAMILY = "1,2";
			};
			name = Debug;
		};
		9C7EA47224D937640009197F /* Release */ = {
			isa = XCBuildConfiguration;
			baseConfigurationReference = 87A0D81EBB20883FBCBDBDD9 /* Pods-RssReaderForiOS.release.xcconfig */;
			buildSettings = {
				ASSETCATALOG_COMPILER_APPICON_NAME = AppIcon;
				CODE_SIGN_STYLE = Automatic;
				DEVELOPMENT_TEAM = 2XL9QYTD77;
				INFOPLIST_FILE = RssReaderForiOS/Info.plist;
				LD_RUNPATH_SEARCH_PATHS = (
					"$(inherited)",
					"@executable_path/Frameworks",
				);
				PRODUCT_BUNDLE_IDENTIFIER = jp.shusuke.ota.RssReaderForiOS;
				PRODUCT_NAME = "$(TARGET_NAME)";
				SWIFT_VERSION = 5.0;
				TARGETED_DEVICE_FAMILY = "1,2";
			};
			name = Release;
		};
/* End XCBuildConfiguration section */

/* Begin XCConfigurationList section */
		9C7EA45724D937600009197F /* Build configuration list for PBXProject "RssReaderForiOS" */ = {
			isa = XCConfigurationList;
			buildConfigurations = (
				9C7EA46E24D937640009197F /* Debug */,
				9C7EA46F24D937640009197F /* Release */,
			);
			defaultConfigurationIsVisible = 0;
			defaultConfigurationName = Release;
		};
		9C7EA47024D937640009197F /* Build configuration list for PBXNativeTarget "RssReaderForiOS" */ = {
			isa = XCConfigurationList;
			buildConfigurations = (
				9C7EA47124D937640009197F /* Debug */,
				9C7EA47224D937640009197F /* Release */,
			);
			defaultConfigurationIsVisible = 0;
			defaultConfigurationName = Release;
		};
/* End XCConfigurationList section */
	};
	rootObject = 9C7EA45424D937600009197F /* Project object */;
}
